
Microsoft Visual Studio Solution File, Format Version 12.00
# Visual Studio Version 17
VisualStudioVersion = 17.14.36414.22 d17.14
MinimumVisualStudioVersion = 10.0.40219.1
Project("{FAE04EC0-301F-11D3-BF4B-00C04F79EFBC}") = "minutes.api", "minutes.api\minutes.api.csproj", "{2A2D3046-44F0-4541-8EEA-2653E4FC7246}"
EndProject
Global
	GlobalSection(SolutionConfigurationPlatforms) = preSolution
		Debug|Any CPU = Debug|Any CPU
		Release|Any CPU = Release|Any CPU
	EndGlobalSection
	GlobalSection(ProjectConfigurationPlatforms) = postSolution
		{2A2D3046-44F0-4541-8EEA-2653E4FC7246}.Debug|Any CPU.ActiveCfg = Debug|Any CPU
		{2A2D3046-44F0-4541-8EEA-2653E4FC7246}.Debug|Any CPU.Build.0 = Debug|Any CPU
		{2A2D3046-44F0-4541-8EEA-2653E4FC7246}.Release|Any CPU.ActiveCfg = Release|Any CPU
		{2A2D3046-44F0-4541-8EEA-2653E4FC7246}.Release|Any CPU.Build.0 = Release|Any CPU
	EndGlobalSection
	GlobalSection(SolutionProperties) = preSolution
		HideSolutionNode = FALSE
	EndGlobalSection
	GlobalSection(ExtensibilityGlobals) = postSolution
		SolutionGuid = {01CD5C81-FD2A-4A97-82C1-0CC5BABCE73B}
	EndGlobalSection
EndGlobal
