
Microsoft Visual Studio Solution File, Format Version 12.00
# Visual Studio Version 17
VisualStudioVersion = 17.14.36414.22 d17.14
MinimumVisualStudioVersion = 10.0.40219.1
Project("{FAE04EC0-301F-11D3-BF4B-00C04F79EFBC}") = "minutes.app", "minutes.app\minutes.app.csproj", "{7D81F151-97C6-4913-BC1D-FC7F537D6261}"
EndProject
Global
	GlobalSection(SolutionConfigurationPlatforms) = preSolution
		Debug|Any CPU = Debug|Any CPU
		Release|Any CPU = Release|Any CPU
	EndGlobalSection
	GlobalSection(ProjectConfigurationPlatforms) = postSolution
		{7D81F151-97C6-4913-BC1D-FC7F537D6261}.Debug|Any CPU.ActiveCfg = Debug|Any CPU
		{7D81F151-97C6-4913-BC1D-FC7F537D6261}.Debug|Any CPU.Build.0 = Debug|Any CPU
		{7D81F151-97C6-4913-BC1D-FC7F537D6261}.Release|Any CPU.ActiveCfg = Release|Any CPU
		{7D81F151-97C6-4913-BC1D-FC7F537D6261}.Release|Any CPU.Build.0 = Release|Any CPU
	EndGlobalSection
	GlobalSection(SolutionProperties) = preSolution
		HideSolutionNode = FALSE
	EndGlobalSection
	GlobalSection(ExtensibilityGlobals) = postSolution
		SolutionGuid = {5A25BD0D-027A-44BF-9A99-F3D05EB246CD}
	EndGlobalSection
EndGlobal
